
Microsoft Visual Studio Solution File, Format Version 12.00
# Visual Studio Version 16
VisualStudioVersion = 16.0.32510.428
MinimumVisualStudioVersion = 10.0.40219.1
Project("{FAE04EC0-301F-11D3-BF4B-00C04F79EFBC}") = "deneme2", "deneme2\deneme2.csproj", "{30F6503C-9018-49E3-8301-F10AC5DA4CAF}"
EndProject
Global
	GlobalSection(SolutionConfigurationPlatforms) = preSolution
		Debug|Any CPU = Debug|Any CPU
		Release|Any CPU = Release|Any CPU
	EndGlobalSection
	GlobalSection(ProjectConfigurationPlatforms) = postSolution
		{30F6503C-9018-49E3-8301-F10AC5DA4CAF}.Debug|Any CPU.ActiveCfg = Debug|Any CPU
		{30F6503C-9018-49E3-8301-F10AC5DA4CAF}.Debug|Any CPU.Build.0 = Debug|Any CPU
		{30F6503C-9018-49E3-8301-F10AC5DA4CAF}.Release|Any CPU.ActiveCfg = Release|Any CPU
		{30F6503C-9018-49E3-8301-F10AC5DA4CAF}.Release|Any CPU.Build.0 = Release|Any CPU
	EndGlobalSection
	GlobalSection(SolutionProperties) = preSolution
		HideSolutionNode = FALSE
	EndGlobalSection
	GlobalSection(ExtensibilityGlobals) = postSolution
		SolutionGuid = {91359F03-51E3-45D0-ABAA-CA755B37588E}
	EndGlobalSection
EndGlobal
